
Microsoft Visual Studio Solution File, Format Version 12.00
# Visual Studio Version 16
VisualStudioVersion = 16.0.30406.217
MinimumVisualStudioVersion = 10.0.40219.1
Project("{2150E333-8FDC-42A3-9474-1A3956D46DE8}") = "Microservices", "Microservices", "{55AA4312-5115-46AC-9935-AB43F5112751}"
EndProject
Project("{2150E333-8FDC-42A3-9474-1A3956D46DE8}") = "Registration", "Registration", "{AE91F2A7-7D84-43A1-9B60-29DF2667473B}"
EndProject
Project("{2150E333-8FDC-42A3-9474-1A3956D46DE8}") = "Api", "Api", "{6C1BB887-94F2-4A93-90B1-D93F92932990}"
EndProject
Project("{2150E333-8FDC-42A3-9474-1A3956D46DE8}") = "Domain", "Domain", "{E3DBFF33-C4F0-4922-8589-71D63272D648}"
EndProject
Project("{9A19103F-16F7-4668-BE54-9A1E7A4F7556}") = "CarTech.Domain", "CarTech.Domain\CarTech.Domain.csproj", "{01C80AB9-A805-4652-8545-9A58FAF08E3D}"
EndProject
Project("{2150E333-8FDC-42A3-9474-1A3956D46DE8}") = "Data", "Data", "{9D34B8E1-DAA0-482D-BD0D-7DEDB458A98D}"
EndProject
Project("{9A19103F-16F7-4668-BE54-9A1E7A4F7556}") = "CarTech.Registration.Data", "CarTech.Registration.Data\CarTech.Registration.Data.csproj", "{CBFFE6F6-9B1A-47A1-812C-FE002F829530}"
EndProject
Project("{9A19103F-16F7-4668-BE54-9A1E7A4F7556}") = "CarTech.Registration.Api", "CarTech.Registration.Api\CarTech.Registration.Api.csproj", "{38DB4FA4-2533-45EF-97EE-210E7005075E}"
EndProject
Global
	GlobalSection(SolutionConfigurationPlatforms) = preSolution
		Debug|Any CPU = Debug|Any CPU
		Release|Any CPU = Release|Any CPU
	EndGlobalSection
	GlobalSection(ProjectConfigurationPlatforms) = postSolution
		{01C80AB9-A805-4652-8545-9A58FAF08E3D}.Debug|Any CPU.ActiveCfg = Debug|Any CPU
		{01C80AB9-A805-4652-8545-9A58FAF08E3D}.Debug|Any CPU.Build.0 = Debug|Any CPU
		{01C80AB9-A805-4652-8545-9A58FAF08E3D}.Release|Any CPU.ActiveCfg = Release|Any CPU
		{01C80AB9-A805-4652-8545-9A58FAF08E3D}.Release|Any CPU.Build.0 = Release|Any CPU
		{CBFFE6F6-9B1A-47A1-812C-FE002F829530}.Debug|Any CPU.ActiveCfg = Debug|Any CPU
		{CBFFE6F6-9B1A-47A1-812C-FE002F829530}.Debug|Any CPU.Build.0 = Debug|Any CPU
		{CBFFE6F6-9B1A-47A1-812C-FE002F829530}.Release|Any CPU.ActiveCfg = Release|Any CPU
		{CBFFE6F6-9B1A-47A1-812C-FE002F829530}.Release|Any CPU.Build.0 = Release|Any CPU
		{38DB4FA4-2533-45EF-97EE-210E7005075E}.Debug|Any CPU.ActiveCfg = Debug|Any CPU
		{38DB4FA4-2533-45EF-97EE-210E7005075E}.Debug|Any CPU.Build.0 = Debug|Any CPU
		{38DB4FA4-2533-45EF-97EE-210E7005075E}.Release|Any CPU.ActiveCfg = Release|Any CPU
		{38DB4FA4-2533-45EF-97EE-210E7005075E}.Release|Any CPU.Build.0 = Release|Any CPU
	EndGlobalSection
	GlobalSection(SolutionProperties) = preSolution
		HideSolutionNode = FALSE
	EndGlobalSection
	GlobalSection(NestedProjects) = preSolution
		{AE91F2A7-7D84-43A1-9B60-29DF2667473B} = {55AA4312-5115-46AC-9935-AB43F5112751}
		{6C1BB887-94F2-4A93-90B1-D93F92932990} = {AE91F2A7-7D84-43A1-9B60-29DF2667473B}
		{01C80AB9-A805-4652-8545-9A58FAF08E3D} = {E3DBFF33-C4F0-4922-8589-71D63272D648}
		{9D34B8E1-DAA0-482D-BD0D-7DEDB458A98D} = {AE91F2A7-7D84-43A1-9B60-29DF2667473B}
		{CBFFE6F6-9B1A-47A1-812C-FE002F829530} = {9D34B8E1-DAA0-482D-BD0D-7DEDB458A98D}
		{38DB4FA4-2533-45EF-97EE-210E7005075E} = {6C1BB887-94F2-4A93-90B1-D93F92932990}
	EndGlobalSection
	GlobalSection(ExtensibilityGlobals) = postSolution
		SolutionGuid = {C26E1BC3-C207-47EA-9876-4A80DB801DF0}
	EndGlobalSection
EndGlobal
